{
  "originHash" : "596befbe08a30353f0ea1e72a55c59a56abb9819dbfbb27b62984038ee3e5219",
  "pins" : [
    {
      "identity" : "cocoalumberjack",
      "kind" : "remoteSourceControl",
      "location" : "https://github.com/CocoaLumberjack/CocoaLumberjack.git",
      "state" : {
        "revision" : "4b8714a7fb84d42393314ce897127b3939885ec3",
        "version" : "3.8.5"
      }
    },
    {
      "identity" : "sharedspm",
      "kind" : "remoteSourceControl",
      "location" : "https://github.com/bespot/sharedSPM.git",
      "state" : {
        "revision" : "93bb6051c0a2216446f4c6c41ee3752233b269e1",
        "version" : "1.0.1"
      }
    },
    {
      "identity" : "swift-log",
      "kind" : "remoteSourceControl",
      "location" : "https://github.com/apple/swift-log",
      "state" : {
        "revision" : "96a2f8a0fa41e9e09af4585e2724c4e825410b91",
        "version" : "1.6.2"
      }
    }
  ],
  "version" : 3
}
